
Microsoft Visual Studio Solution File, Format Version 12.00
# Visual Studio Version 17
VisualStudioVersion = 17.10.34916.146
MinimumVisualStudioVersion = 10.0.40219.1
Project("{9A19103F-16F7-4668-BE54-9A1E7A4F7556}") = "Domain", "Domain\Domain.csproj", "{4D6E7466-3734-4FBD-B430-CDA4ED6E2A3A}"
EndProject
Project("{9A19103F-16F7-4668-BE54-9A1E7A4F7556}") = "Infrastructure", "Infrastructure\Infrastructure.csproj", "{117C9EDF-5F36-4B28-8F12-A74D55042C43}"
EndProject
Project("{FAE04EC0-301F-11D3-BF4B-00C04F79EFBC}") = "API", "API\API.csproj", "{88072858-692E-4ED6-BAE1-6A770DFC3504}"
EndProject
Global
	GlobalSection(SolutionConfigurationPlatforms) = preSolution
		Debug|Any CPU = Debug|Any CPU
		Release|Any CPU = Release|Any CPU
	EndGlobalSection
	GlobalSection(ProjectConfigurationPlatforms) = postSolution
		{4D6E7466-3734-4FBD-B430-CDA4ED6E2A3A}.Debug|Any CPU.ActiveCfg = Debug|Any CPU
		{4D6E7466-3734-4FBD-B430-CDA4ED6E2A3A}.Debug|Any CPU.Build.0 = Debug|Any CPU
		{4D6E7466-3734-4FBD-B430-CDA4ED6E2A3A}.Release|Any CPU.ActiveCfg = Release|Any CPU
		{4D6E7466-3734-4FBD-B430-CDA4ED6E2A3A}.Release|Any CPU.Build.0 = Release|Any CPU
		{117C9EDF-5F36-4B28-8F12-A74D55042C43}.Debug|Any CPU.ActiveCfg = Debug|Any CPU
		{117C9EDF-5F36-4B28-8F12-A74D55042C43}.Debug|Any CPU.Build.0 = Debug|Any CPU
		{117C9EDF-5F36-4B28-8F12-A74D55042C43}.Release|Any CPU.ActiveCfg = Release|Any CPU
		{117C9EDF-5F36-4B28-8F12-A74D55042C43}.Release|Any CPU.Build.0 = Release|Any CPU
		{88072858-692E-4ED6-BAE1-6A770DFC3504}.Debug|Any CPU.ActiveCfg = Debug|Any CPU
		{88072858-692E-4ED6-BAE1-6A770DFC3504}.Debug|Any CPU.Build.0 = Debug|Any CPU
		{88072858-692E-4ED6-BAE1-6A770DFC3504}.Release|Any CPU.ActiveCfg = Release|Any CPU
		{88072858-692E-4ED6-BAE1-6A770DFC3504}.Release|Any CPU.Build.0 = Release|Any CPU
	EndGlobalSection
	GlobalSection(SolutionProperties) = preSolution
		HideSolutionNode = FALSE
	EndGlobalSection
	GlobalSection(ExtensibilityGlobals) = postSolution
		SolutionGuid = {604EAE4B-85FF-43CE-B443-45446DD9CDD6}
	EndGlobalSection
EndGlobal
