
Microsoft Visual Studio Solution File, Format Version 12.00
# Visual Studio Version 17
VisualStudioVersion = 17.9.34622.214
MinimumVisualStudioVersion = 10.0.40219.1
Project("{FAE04EC0-301F-11D3-BF4B-00C04F79EFBC}") = "RabbitMQ_Demo", "RabbitMQ_Demo\RabbitMQ_Demo.csproj", "{CAA9BBBE-91D8-470B-B52F-3034D2F5EDA1}"
EndProject
Project("{FAE04EC0-301F-11D3-BF4B-00C04F79EFBC}") = "RabbitMQ.Console", "RabbitMQ.Console\RabbitMQ.Console.csproj", "{80F0F296-D61F-4737-BECA-F0779BAE6637}"
EndProject
Global
	GlobalSection(SolutionConfigurationPlatforms) = preSolution
		Debug|Any CPU = Debug|Any CPU
		Release|Any CPU = Release|Any CPU
	EndGlobalSection
	GlobalSection(ProjectConfigurationPlatforms) = postSolution
		{CAA9BBBE-91D8-470B-B52F-3034D2F5EDA1}.Debug|Any CPU.ActiveCfg = Debug|Any CPU
		{CAA9BBBE-91D8-470B-B52F-3034D2F5EDA1}.Debug|Any CPU.Build.0 = Debug|Any CPU
		{CAA9BBBE-91D8-470B-B52F-3034D2F5EDA1}.Release|Any CPU.ActiveCfg = Release|Any CPU
		{CAA9BBBE-91D8-470B-B52F-3034D2F5EDA1}.Release|Any CPU.Build.0 = Release|Any CPU
		{80F0F296-D61F-4737-BECA-F0779BAE6637}.Debug|Any CPU.ActiveCfg = Debug|Any CPU
		{80F0F296-D61F-4737-BECA-F0779BAE6637}.Debug|Any CPU.Build.0 = Debug|Any CPU
		{80F0F296-D61F-4737-BECA-F0779BAE6637}.Release|Any CPU.ActiveCfg = Release|Any CPU
		{80F0F296-D61F-4737-BECA-F0779BAE6637}.Release|Any CPU.Build.0 = Release|Any CPU
	EndGlobalSection
	GlobalSection(SolutionProperties) = preSolution
		HideSolutionNode = FALSE
	EndGlobalSection
	GlobalSection(ExtensibilityGlobals) = postSolution
		SolutionGuid = {C2CA3C8F-6BC2-4936-B26B-42C3E16F0F73}
	EndGlobalSection
EndGlobal
