
Microsoft Visual Studio Solution File, Format Version 12.00
# Visual Studio Version 17
VisualStudioVersion = 17.10.34928.147
MinimumVisualStudioVersion = 10.0.40219.1
Project("{FAE04EC0-301F-11D3-BF4B-00C04F79EFBC}") = "JWT_Authentication", "JWT_Authentication\JWT_Authentication.csproj", "{8ECAEA66-5368-4194-94AB-10163FEA1756}"
EndProject
Global
	GlobalSection(SolutionConfigurationPlatforms) = preSolution
		Debug|Any CPU = Debug|Any CPU
		Release|Any CPU = Release|Any CPU
	EndGlobalSection
	GlobalSection(ProjectConfigurationPlatforms) = postSolution
		{8ECAEA66-5368-4194-94AB-10163FEA1756}.Debug|Any CPU.ActiveCfg = Debug|Any CPU
		{8ECAEA66-5368-4194-94AB-10163FEA1756}.Debug|Any CPU.Build.0 = Debug|Any CPU
		{8ECAEA66-5368-4194-94AB-10163FEA1756}.Release|Any CPU.ActiveCfg = Release|Any CPU
		{8ECAEA66-5368-4194-94AB-10163FEA1756}.Release|Any CPU.Build.0 = Release|Any CPU
	EndGlobalSection
	GlobalSection(SolutionProperties) = preSolution
		HideSolutionNode = FALSE
	EndGlobalSection
	GlobalSection(ExtensibilityGlobals) = postSolution
		SolutionGuid = {52AC299F-4D41-49CB-B15A-2E3BABB82AA3}
	EndGlobalSection
EndGlobal
