
Microsoft Visual Studio Solution File, Format Version 12.00
# Visual Studio Version 17
VisualStudioVersion = 17.12.35527.113 d17.12
MinimumVisualStudioVersion = 10.0.40219.1
Project("{2150E333-8FDC-42A3-9474-1A3956D46DE8}") = "test", "test", "{749725A9-A809-453D-A113-58D83C3787C2}"
EndProject
Project("{2150E333-8FDC-42A3-9474-1A3956D46DE8}") = "src", "src", "{ED158C9D-BC7B-4F46-99A1-46CE954A69E8}"
EndProject
Project("{FAE04EC0-301F-11D3-BF4B-00C04F79EFBC}") = "Bookify.Domain", "Bookify.Domain\Bookify.Domain.csproj", "{DBF1149C-239A-4FB9-AAED-6A765E629368}"
EndProject
Global
	GlobalSection(SolutionConfigurationPlatforms) = preSolution
		Debug|Any CPU = Debug|Any CPU
		Release|Any CPU = Release|Any CPU
	EndGlobalSection
	GlobalSection(ProjectConfigurationPlatforms) = postSolution
		{DBF1149C-239A-4FB9-AAED-6A765E629368}.Debug|Any CPU.ActiveCfg = Debug|Any CPU
		{DBF1149C-239A-4FB9-AAED-6A765E629368}.Debug|Any CPU.Build.0 = Debug|Any CPU
		{DBF1149C-239A-4FB9-AAED-6A765E629368}.Release|Any CPU.ActiveCfg = Release|Any CPU
		{DBF1149C-239A-4FB9-AAED-6A765E629368}.Release|Any CPU.Build.0 = Release|Any CPU
	EndGlobalSection
	GlobalSection(SolutionProperties) = preSolution
		HideSolutionNode = FALSE
	EndGlobalSection
	GlobalSection(NestedProjects) = preSolution
		{DBF1149C-239A-4FB9-AAED-6A765E629368} = {ED158C9D-BC7B-4F46-99A1-46CE954A69E8}
	EndGlobalSection
EndGlobal
