
Microsoft Visual Studio Solution File, Format Version 12.00
# Visual Studio Version 17
VisualStudioVersion = 17.12.35527.113
MinimumVisualStudioVersion = 10.0.40219.1
Project("{2150E333-8FDC-42A3-9474-1A3956D46DE8}") = "test", "test", "{749725A9-A809-453D-A113-58D83C3787C2}"
EndProject
Project("{2150E333-8FDC-42A3-9474-1A3956D46DE8}") = "src", "src", "{ED158C9D-BC7B-4F46-99A1-46CE954A69E8}"
EndProject
Project("{E53339B2-1760-4266-BCC7-CA923CBCF16C}") = "docker-compose", "docker-compose.dcproj", "{D7716C7D-0B31-4BC7-997C-06720E4C1CF7}"
EndProject
Project("{FAE04EC0-301F-11D3-BF4B-00C04F79EFBC}") = "Bookify.Api", "src\Bookify.Api\Bookify.Api.csproj", "{848864AD-C5EB-4C1C-8BC4-F46A360A5985}"
EndProject
Project("{FAE04EC0-301F-11D3-BF4B-00C04F79EFBC}") = "Bookify.Application", "src\Bookify.Application\Bookify.Application.csproj", "{4AB3DBD4-E447-49A7-B887-7F4639152875}"
EndProject
Project("{FAE04EC0-301F-11D3-BF4B-00C04F79EFBC}") = "Bookify.Domain", "src\Bookify.Domain\Bookify.Domain.csproj", "{C3106BA9-D9CF-4976-9357-4544E69D93F8}"
EndProject
Project("{FAE04EC0-301F-11D3-BF4B-00C04F79EFBC}") = "Bookify.Infrastructure", "src\Bookify.Infrastructure\Bookify.Infrastructure.csproj", "{DB145AFA-CFC1-4FA8-B127-061F050BDD56}"
EndProject
Project("{FAE04EC0-301F-11D3-BF4B-00C04F79EFBC}") = "Bookify.Api.FunctionalTests", "test\Bookify.Api.FunctionalTests\Bookify.Api.FunctionalTests.csproj", "{F6B92469-ACB6-4503-9A20-07A35B7C7CAA}"
EndProject
Project("{FAE04EC0-301F-11D3-BF4B-00C04F79EFBC}") = "Bookify.Application.IntegrationTests", "test\Bookify.Application.IntegrationTests\Bookify.Application.IntegrationTests.csproj", "{6102BA5E-AD28-4D30-8EAE-E4A32965D5DD}"
EndProject
Project("{FAE04EC0-301F-11D3-BF4B-00C04F79EFBC}") = "Bookify.Application.UnitTests", "test\Bookify.Application.UnitTests\Bookify.Application.UnitTests.csproj", "{47B4EB1A-D188-4D39-952B-1DA8F1363EAF}"
EndProject
Project("{FAE04EC0-301F-11D3-BF4B-00C04F79EFBC}") = "Bookify.ArchitectureTests", "test\Bookify.ArchitectureTests\Bookify.ArchitectureTests.csproj", "{069CC926-1E17-4D6F-A1ED-8AA20B483138}"
EndProject
Project("{FAE04EC0-301F-11D3-BF4B-00C04F79EFBC}") = "Bookify.Domain.UnitTests", "test\Bookify.Domain.UnitTests\Bookify.Domain.UnitTests.csproj", "{F3174885-CC87-4265-9813-671D1BA64BDE}"
EndProject
Global
	GlobalSection(SolutionConfigurationPlatforms) = preSolution
		Debug|Any CPU = Debug|Any CPU
		Release|Any CPU = Release|Any CPU
	EndGlobalSection
	GlobalSection(ProjectConfigurationPlatforms) = postSolution
		{D7716C7D-0B31-4BC7-997C-06720E4C1CF7}.Debug|Any CPU.ActiveCfg = Debug|Any CPU
		{D7716C7D-0B31-4BC7-997C-06720E4C1CF7}.Debug|Any CPU.Build.0 = Debug|Any CPU
		{D7716C7D-0B31-4BC7-997C-06720E4C1CF7}.Release|Any CPU.ActiveCfg = Release|Any CPU
		{D7716C7D-0B31-4BC7-997C-06720E4C1CF7}.Release|Any CPU.Build.0 = Release|Any CPU
		{848864AD-C5EB-4C1C-8BC4-F46A360A5985}.Debug|Any CPU.ActiveCfg = Debug|Any CPU
		{848864AD-C5EB-4C1C-8BC4-F46A360A5985}.Debug|Any CPU.Build.0 = Debug|Any CPU
		{848864AD-C5EB-4C1C-8BC4-F46A360A5985}.Release|Any CPU.ActiveCfg = Release|Any CPU
		{848864AD-C5EB-4C1C-8BC4-F46A360A5985}.Release|Any CPU.Build.0 = Release|Any CPU
		{4AB3DBD4-E447-49A7-B887-7F4639152875}.Debug|Any CPU.ActiveCfg = Debug|Any CPU
		{4AB3DBD4-E447-49A7-B887-7F4639152875}.Debug|Any CPU.Build.0 = Debug|Any CPU
		{4AB3DBD4-E447-49A7-B887-7F4639152875}.Release|Any CPU.ActiveCfg = Release|Any CPU
		{4AB3DBD4-E447-49A7-B887-7F4639152875}.Release|Any CPU.Build.0 = Release|Any CPU
		{C3106BA9-D9CF-4976-9357-4544E69D93F8}.Debug|Any CPU.ActiveCfg = Debug|Any CPU
		{C3106BA9-D9CF-4976-9357-4544E69D93F8}.Debug|Any CPU.Build.0 = Debug|Any CPU
		{C3106BA9-D9CF-4976-9357-4544E69D93F8}.Release|Any CPU.ActiveCfg = Release|Any CPU
		{C3106BA9-D9CF-4976-9357-4544E69D93F8}.Release|Any CPU.Build.0 = Release|Any CPU
		{DB145AFA-CFC1-4FA8-B127-061F050BDD56}.Debug|Any CPU.ActiveCfg = Debug|Any CPU
		{DB145AFA-CFC1-4FA8-B127-061F050BDD56}.Debug|Any CPU.Build.0 = Debug|Any CPU
		{DB145AFA-CFC1-4FA8-B127-061F050BDD56}.Release|Any CPU.ActiveCfg = Release|Any CPU
		{DB145AFA-CFC1-4FA8-B127-061F050BDD56}.Release|Any CPU.Build.0 = Release|Any CPU
		{F6B92469-ACB6-4503-9A20-07A35B7C7CAA}.Debug|Any CPU.ActiveCfg = Debug|Any CPU
		{F6B92469-ACB6-4503-9A20-07A35B7C7CAA}.Debug|Any CPU.Build.0 = Debug|Any CPU
		{F6B92469-ACB6-4503-9A20-07A35B7C7CAA}.Release|Any CPU.ActiveCfg = Release|Any CPU
		{F6B92469-ACB6-4503-9A20-07A35B7C7CAA}.Release|Any CPU.Build.0 = Release|Any CPU
		{6102BA5E-AD28-4D30-8EAE-E4A32965D5DD}.Debug|Any CPU.ActiveCfg = Debug|Any CPU
		{6102BA5E-AD28-4D30-8EAE-E4A32965D5DD}.Debug|Any CPU.Build.0 = Debug|Any CPU
		{6102BA5E-AD28-4D30-8EAE-E4A32965D5DD}.Release|Any CPU.ActiveCfg = Release|Any CPU
		{6102BA5E-AD28-4D30-8EAE-E4A32965D5DD}.Release|Any CPU.Build.0 = Release|Any CPU
		{47B4EB1A-D188-4D39-952B-1DA8F1363EAF}.Debug|Any CPU.ActiveCfg = Debug|Any CPU
		{47B4EB1A-D188-4D39-952B-1DA8F1363EAF}.Debug|Any CPU.Build.0 = Debug|Any CPU
		{47B4EB1A-D188-4D39-952B-1DA8F1363EAF}.Release|Any CPU.ActiveCfg = Release|Any CPU
		{47B4EB1A-D188-4D39-952B-1DA8F1363EAF}.Release|Any CPU.Build.0 = Release|Any CPU
		{069CC926-1E17-4D6F-A1ED-8AA20B483138}.Debug|Any CPU.ActiveCfg = Debug|Any CPU
		{069CC926-1E17-4D6F-A1ED-8AA20B483138}.Debug|Any CPU.Build.0 = Debug|Any CPU
		{069CC926-1E17-4D6F-A1ED-8AA20B483138}.Release|Any CPU.ActiveCfg = Release|Any CPU
		{069CC926-1E17-4D6F-A1ED-8AA20B483138}.Release|Any CPU.Build.0 = Release|Any CPU
		{F3174885-CC87-4265-9813-671D1BA64BDE}.Debug|Any CPU.ActiveCfg = Debug|Any CPU
		{F3174885-CC87-4265-9813-671D1BA64BDE}.Debug|Any CPU.Build.0 = Debug|Any CPU
		{F3174885-CC87-4265-9813-671D1BA64BDE}.Release|Any CPU.ActiveCfg = Release|Any CPU
		{F3174885-CC87-4265-9813-671D1BA64BDE}.Release|Any CPU.Build.0 = Release|Any CPU
	EndGlobalSection
	GlobalSection(SolutionProperties) = preSolution
		HideSolutionNode = FALSE
	EndGlobalSection
	GlobalSection(NestedProjects) = preSolution
		{848864AD-C5EB-4C1C-8BC4-F46A360A5985} = {ED158C9D-BC7B-4F46-99A1-46CE954A69E8}
		{4AB3DBD4-E447-49A7-B887-7F4639152875} = {ED158C9D-BC7B-4F46-99A1-46CE954A69E8}
		{C3106BA9-D9CF-4976-9357-4544E69D93F8} = {ED158C9D-BC7B-4F46-99A1-46CE954A69E8}
		{DB145AFA-CFC1-4FA8-B127-061F050BDD56} = {ED158C9D-BC7B-4F46-99A1-46CE954A69E8}
		{F6B92469-ACB6-4503-9A20-07A35B7C7CAA} = {749725A9-A809-453D-A113-58D83C3787C2}
		{6102BA5E-AD28-4D30-8EAE-E4A32965D5DD} = {749725A9-A809-453D-A113-58D83C3787C2}
		{47B4EB1A-D188-4D39-952B-1DA8F1363EAF} = {749725A9-A809-453D-A113-58D83C3787C2}
		{069CC926-1E17-4D6F-A1ED-8AA20B483138} = {749725A9-A809-453D-A113-58D83C3787C2}
		{F3174885-CC87-4265-9813-671D1BA64BDE} = {749725A9-A809-453D-A113-58D83C3787C2}
	EndGlobalSection
EndGlobal
