Microsoft Visual Studio Solution File, Format Version 12.00
# Visual Studio Version 17
VisualStudioVersion = 17.12.35707.178 d17.12
MinimumVisualStudioVersion = 10.0.40219.1
Project("{FAE04EC0-301F-11D3-BF4B-00C04F79EFBC}") = "AspireDemo.AppHost", "AspireDemo.AppHost\AspireDemo.AppHost.csproj", "{8236FF45-60B5-405D-9268-DDED98A6ABD9}"
EndProject
Project("{FAE04EC0-301F-11D3-BF4B-00C04F79EFBC}") = "AspireDemo.ServiceDefaults", "AspireDemo.ServiceDefaults\AspireDemo.ServiceDefaults.csproj", "{185150DA-95F1-4A64-BBF7-F779036CD020}"
EndProject
Project("{FAE04EC0-301F-11D3-BF4B-00C04F79EFBC}") = "AspireDemo.ApiService", "AspireDemo.ApiService\AspireDemo.ApiService.csproj", "{5CBAD55A-9437-4521-BFEF-0551A2AC00BC}"
EndProject
Project("{FAE04EC0-301F-11D3-BF4B-00C04F79EFBC}") = "AspireDemo.Web", "AspireDemo.Web\AspireDemo.Web.csproj", "{454BFA30-8213-4734-8B30-B0C1586D2580}"
EndProject
Global
	GlobalSection(SolutionConfigurationPlatforms) = preSolution
		Debug|Any CPU = Debug|Any CPU
		Release|Any CPU = Release|Any CPU
	EndGlobalSection
	GlobalSection(ProjectConfigurationPlatforms) = postSolution
		{8236FF45-60B5-405D-9268-DDED98A6ABD9}.Debug|Any CPU.ActiveCfg = Debug|Any CPU
		{8236FF45-60B5-405D-9268-DDED98A6ABD9}.Debug|Any CPU.Build.0 = Debug|Any CPU
		{8236FF45-60B5-405D-9268-DDED98A6ABD9}.Release|Any CPU.ActiveCfg = Release|Any CPU
		{8236FF45-60B5-405D-9268-DDED98A6ABD9}.Release|Any CPU.Build.0 = Release|Any CPU
		{185150DA-95F1-4A64-BBF7-F779036CD020}.Debug|Any CPU.ActiveCfg = Debug|Any CPU
		{185150DA-95F1-4A64-BBF7-F779036CD020}.Debug|Any CPU.Build.0 = Debug|Any CPU
		{185150DA-95F1-4A64-BBF7-F779036CD020}.Release|Any CPU.ActiveCfg = Release|Any CPU
		{185150DA-95F1-4A64-BBF7-F779036CD020}.Release|Any CPU.Build.0 = Release|Any CPU
		{5CBAD55A-9437-4521-BFEF-0551A2AC00BC}.Debug|Any CPU.ActiveCfg = Debug|Any CPU
		{5CBAD55A-9437-4521-BFEF-0551A2AC00BC}.Debug|Any CPU.Build.0 = Debug|Any CPU
		{5CBAD55A-9437-4521-BFEF-0551A2AC00BC}.Release|Any CPU.ActiveCfg = Release|Any CPU
		{5CBAD55A-9437-4521-BFEF-0551A2AC00BC}.Release|Any CPU.Build.0 = Release|Any CPU
		{454BFA30-8213-4734-8B30-B0C1586D2580}.Debug|Any CPU.ActiveCfg = Debug|Any CPU
		{454BFA30-8213-4734-8B30-B0C1586D2580}.Debug|Any CPU.Build.0 = Debug|Any CPU
		{454BFA30-8213-4734-8B30-B0C1586D2580}.Release|Any CPU.ActiveCfg = Release|Any CPU
		{454BFA30-8213-4734-8B30-B0C1586D2580}.Release|Any CPU.Build.0 = Release|Any CPU
	EndGlobalSection
	GlobalSection(SolutionProperties) = preSolution
		HideSolutionNode = FALSE
	EndGlobalSection
EndGlobal
