
Microsoft Visual Studio Solution File, Format Version 12.00
# Visual Studio Version 17
VisualStudioVersion = 17.6.33829.357
MinimumVisualStudioVersion = 10.0.40219.1
Project("{FAE04EC0-301F-11D3-BF4B-00C04F79EFBC}") = "UrlShortener", "UrlShortener\UrlShortener.csproj", "{8504A5AC-E739-4028-A7DC-DCFA121719E0}"
EndProject
Project("{FAE04EC0-301F-11D3-BF4B-00C04F79EFBC}") = "TestScraper", "TestScraper\TestScraper.csproj", "{BF7A5637-DC7A-4785-901E-284E8C1123AE}"
EndProject
Global
	GlobalSection(SolutionConfigurationPlatforms) = preSolution
		Debug|Any CPU = Debug|Any CPU
		Release|Any CPU = Release|Any CPU
	EndGlobalSection
	GlobalSection(ProjectConfigurationPlatforms) = postSolution
		{8504A5AC-E739-4028-A7DC-DCFA121719E0}.Debug|Any CPU.ActiveCfg = Debug|Any CPU
		{8504A5AC-E739-4028-A7DC-DCFA121719E0}.Debug|Any CPU.Build.0 = Debug|Any CPU
		{8504A5AC-E739-4028-A7DC-DCFA121719E0}.Release|Any CPU.ActiveCfg = Release|Any CPU
		{8504A5AC-E739-4028-A7DC-DCFA121719E0}.Release|Any CPU.Build.0 = Release|Any CPU
		{BF7A5637-DC7A-4785-901E-284E8C1123AE}.Debug|Any CPU.ActiveCfg = Debug|Any CPU
		{BF7A5637-DC7A-4785-901E-284E8C1123AE}.Debug|Any CPU.Build.0 = Debug|Any CPU
		{BF7A5637-DC7A-4785-901E-284E8C1123AE}.Release|Any CPU.ActiveCfg = Release|Any CPU
		{BF7A5637-DC7A-4785-901E-284E8C1123AE}.Release|Any CPU.Build.0 = Release|Any CPU
	EndGlobalSection
	GlobalSection(SolutionProperties) = preSolution
		HideSolutionNode = FALSE
	EndGlobalSection
	GlobalSection(ExtensibilityGlobals) = postSolution
		SolutionGuid = {B17CC811-EF83-4419-9270-F69CAB002DD1}
	EndGlobalSection
EndGlobal
