
Microsoft Visual Studio Solution File, Format Version 12.00
# Visual Studio Version 17
VisualStudioVersion = 17.4.33110.190
MinimumVisualStudioVersion = 10.0.40219.1
Project("{9A19103F-16F7-4668-BE54-9A1E7A4F7556}") = "Azure_Blob_Test", "Azure_Blob_Test\Azure_Blob_Test.csproj", "{FE09C3B9-5F1E-4F4F-B522-FE407954C5DD}"
EndProject
Project("{FAE04EC0-301F-11D3-BF4B-00C04F79EFBC}") = "Azure_CosmosDb_Demo", "Azure_CosmosDb_Demo\Azure_CosmosDb_Demo.csproj", "{F953A2F7-8FB5-4AAA-8DBD-F0629198F97A}"
EndProject
Global
	GlobalSection(SolutionConfigurationPlatforms) = preSolution
		Debug|Any CPU = Debug|Any CPU
		Release|Any CPU = Release|Any CPU
	EndGlobalSection
	GlobalSection(ProjectConfigurationPlatforms) = postSolution
		{FE09C3B9-5F1E-4F4F-B522-FE407954C5DD}.Debug|Any CPU.ActiveCfg = Debug|Any CPU
		{FE09C3B9-5F1E-4F4F-B522-FE407954C5DD}.Debug|Any CPU.Build.0 = Debug|Any CPU
		{FE09C3B9-5F1E-4F4F-B522-FE407954C5DD}.Release|Any CPU.ActiveCfg = Release|Any CPU
		{FE09C3B9-5F1E-4F4F-B522-FE407954C5DD}.Release|Any CPU.Build.0 = Release|Any CPU
		{F953A2F7-8FB5-4AAA-8DBD-F0629198F97A}.Debug|Any CPU.ActiveCfg = Debug|Any CPU
		{F953A2F7-8FB5-4AAA-8DBD-F0629198F97A}.Debug|Any CPU.Build.0 = Debug|Any CPU
		{F953A2F7-8FB5-4AAA-8DBD-F0629198F97A}.Release|Any CPU.ActiveCfg = Release|Any CPU
		{F953A2F7-8FB5-4AAA-8DBD-F0629198F97A}.Release|Any CPU.Build.0 = Release|Any CPU
	EndGlobalSection
	GlobalSection(SolutionProperties) = preSolution
		HideSolutionNode = FALSE
	EndGlobalSection
	GlobalSection(ExtensibilityGlobals) = postSolution
		SolutionGuid = {E7F6E960-F2F5-4B63-90FF-F4B1A0EC98C6}
	EndGlobalSection
EndGlobal
