
Microsoft Visual Studio Solution File, Format Version 12.00
# Visual Studio Version 17
VisualStudioVersion = 17.14.36202.13
MinimumVisualStudioVersion = 10.0.40219.1
Project("{FAE04EC0-301F-11D3-BF4B-00C04F79EFBC}") = "Producer", "Producer\Producer.csproj", "{A9FCA939-2FBD-494B-A06E-323F1AB8CF0E}"
EndProject
Project("{FAE04EC0-301F-11D3-BF4B-00C04F79EFBC}") = "Consumer", "Consumer\Consumer.csproj", "{8D7CE4DB-5A65-488F-84BF-DA6D4C31D697}"
EndProject
Project("{E53339B2-1760-4266-BCC7-CA923CBCF16C}") = "docker-compose", "docker-compose.dcproj", "{81DDED9D-158B-E303-5F62-77A2896D2A5A}"
EndProject
Global
	GlobalSection(SolutionConfigurationPlatforms) = preSolution
		Debug|Any CPU = Debug|Any CPU
		Release|Any CPU = Release|Any CPU
	EndGlobalSection
	GlobalSection(ProjectConfigurationPlatforms) = postSolution
		{A9FCA939-2FBD-494B-A06E-323F1AB8CF0E}.Debug|Any CPU.ActiveCfg = Debug|Any CPU
		{A9FCA939-2FBD-494B-A06E-323F1AB8CF0E}.Debug|Any CPU.Build.0 = Debug|Any CPU
		{A9FCA939-2FBD-494B-A06E-323F1AB8CF0E}.Release|Any CPU.ActiveCfg = Release|Any CPU
		{A9FCA939-2FBD-494B-A06E-323F1AB8CF0E}.Release|Any CPU.Build.0 = Release|Any CPU
		{8D7CE4DB-5A65-488F-84BF-DA6D4C31D697}.Debug|Any CPU.ActiveCfg = Debug|Any CPU
		{8D7CE4DB-5A65-488F-84BF-DA6D4C31D697}.Debug|Any CPU.Build.0 = Debug|Any CPU
		{8D7CE4DB-5A65-488F-84BF-DA6D4C31D697}.Release|Any CPU.ActiveCfg = Release|Any CPU
		{8D7CE4DB-5A65-488F-84BF-DA6D4C31D697}.Release|Any CPU.Build.0 = Release|Any CPU
		{81DDED9D-158B-E303-5F62-77A2896D2A5A}.Debug|Any CPU.ActiveCfg = Debug|Any CPU
		{81DDED9D-158B-E303-5F62-77A2896D2A5A}.Debug|Any CPU.Build.0 = Debug|Any CPU
		{81DDED9D-158B-E303-5F62-77A2896D2A5A}.Release|Any CPU.ActiveCfg = Release|Any CPU
		{81DDED9D-158B-E303-5F62-77A2896D2A5A}.Release|Any CPU.Build.0 = Release|Any CPU
	EndGlobalSection
	GlobalSection(SolutionProperties) = preSolution
		HideSolutionNode = FALSE
	EndGlobalSection
	GlobalSection(ExtensibilityGlobals) = postSolution
		SolutionGuid = {24FEC107-BFD8-4E09-8697-80717BE1E4EB}
	EndGlobalSection
EndGlobal
