
Microsoft Visual Studio Solution File, Format Version 12.00
# Visual Studio Version 17
VisualStudioVersion = 17.8.34511.84
MinimumVisualStudioVersion = 10.0.40219.1
Project("{9A19103F-16F7-4668-BE54-9A1E7A4F7556}") = "BenchmarkDotNet-Demo", "BenchmarkDotNet-Demo\BenchmarkDotNet-Demo.csproj", "{93B20586-07C9-4934-8DDD-C57C784EE35A}"
EndProject
Project("{9A19103F-16F7-4668-BE54-9A1E7A4F7556}") = "Test_Fluent_Validation", "Test_Fluent_Validation\Test_Fluent_Validation.csproj", "{966FAE8F-73A2-483F-B374-51888EDA8496}"
EndProject
Project("{9A19103F-16F7-4668-BE54-9A1E7A4F7556}") = "Grpc-Web-Demo", "Grpc-Web-Demo\Grpc-Web-Demo.csproj", "{1E904664-29A0-4D53-ABDF-369D0684EFEC}"
EndProject
Project("{FAE04EC0-301F-11D3-BF4B-00C04F79EFBC}") = "FluentAssertion_Demo", "FluentAssertion_Demo\FluentAssertion_Demo.csproj", "{26F10EE7-7BC6-4981-9EC2-C19D6A91E0B5}"
EndProject
Global
	GlobalSection(SolutionConfigurationPlatforms) = preSolution
		Debug|Any CPU = Debug|Any CPU
		Release|Any CPU = Release|Any CPU
	EndGlobalSection
	GlobalSection(ProjectConfigurationPlatforms) = postSolution
		{93B20586-07C9-4934-8DDD-C57C784EE35A}.Debug|Any CPU.ActiveCfg = Debug|Any CPU
		{93B20586-07C9-4934-8DDD-C57C784EE35A}.Debug|Any CPU.Build.0 = Debug|Any CPU
		{93B20586-07C9-4934-8DDD-C57C784EE35A}.Release|Any CPU.ActiveCfg = Release|Any CPU
		{93B20586-07C9-4934-8DDD-C57C784EE35A}.Release|Any CPU.Build.0 = Release|Any CPU
		{966FAE8F-73A2-483F-B374-51888EDA8496}.Debug|Any CPU.ActiveCfg = Debug|Any CPU
		{966FAE8F-73A2-483F-B374-51888EDA8496}.Debug|Any CPU.Build.0 = Debug|Any CPU
		{966FAE8F-73A2-483F-B374-51888EDA8496}.Release|Any CPU.ActiveCfg = Release|Any CPU
		{966FAE8F-73A2-483F-B374-51888EDA8496}.Release|Any CPU.Build.0 = Release|Any CPU
		{1E904664-29A0-4D53-ABDF-369D0684EFEC}.Debug|Any CPU.ActiveCfg = Debug|Any CPU
		{1E904664-29A0-4D53-ABDF-369D0684EFEC}.Debug|Any CPU.Build.0 = Debug|Any CPU
		{1E904664-29A0-4D53-ABDF-369D0684EFEC}.Release|Any CPU.ActiveCfg = Release|Any CPU
		{1E904664-29A0-4D53-ABDF-369D0684EFEC}.Release|Any CPU.Build.0 = Release|Any CPU
		{26F10EE7-7BC6-4981-9EC2-C19D6A91E0B5}.Debug|Any CPU.ActiveCfg = Debug|Any CPU
		{26F10EE7-7BC6-4981-9EC2-C19D6A91E0B5}.Debug|Any CPU.Build.0 = Debug|Any CPU
		{26F10EE7-7BC6-4981-9EC2-C19D6A91E0B5}.Release|Any CPU.ActiveCfg = Release|Any CPU
		{26F10EE7-7BC6-4981-9EC2-C19D6A91E0B5}.Release|Any CPU.Build.0 = Release|Any CPU
	EndGlobalSection
	GlobalSection(SolutionProperties) = preSolution
		HideSolutionNode = FALSE
	EndGlobalSection
	GlobalSection(ExtensibilityGlobals) = postSolution
		SolutionGuid = {50DE5728-9410-4E77-8049-218975A713BE}
	EndGlobalSection
EndGlobal
